{
  "name": "api-gateway",
  "version": "0.0.0",
  "lockfileVersion": 3,
  "requires": true,
  "packages": {
    "": {
      "name": "api-gateway",
      "version": "0.0.0",
      "dependencies": {
        "api-monitor-dashboard": "file:.."
      }
    },
    "..": {
      "name": "api-monitor-dashboard",
      "version": "0.0.0"
    },
    "node_modules/api-monitor-dashboard": {
      "resolved": "..",
      "link": true
    }
  }
}
